
Microsoft Visual Studio Solution File, Format Version 12.00
# Visual Studio Version 17
VisualStudioVersion = 17.9.34622.214
MinimumVisualStudioVersion = 10.0.40219.1
Project("{FAE04EC0-301F-11D3-BF4B-00C04F79EFBC}") = "api-gestao-de-despesas", "api-gestao-de-despesas\api-gestao-de-despesas.csproj", "{4C6794D6-400E-4A21-82E3-49CED2500F50}"
EndProject
Global
	GlobalSection(SolutionConfigurationPlatforms) = preSolution
		Debug|Any CPU = Debug|Any CPU
		Release|Any CPU = Release|Any CPU
	EndGlobalSection
	GlobalSection(ProjectConfigurationPlatforms) = postSolution
		{4C6794D6-400E-4A21-82E3-49CED2500F50}.Debug|Any CPU.ActiveCfg = Debug|Any CPU
		{4C6794D6-400E-4A21-82E3-49CED2500F50}.Debug|Any CPU.Build.0 = Debug|Any CPU
		{4C6794D6-400E-4A21-82E3-49CED2500F50}.Release|Any CPU.ActiveCfg = Release|Any CPU
		{4C6794D6-400E-4A21-82E3-49CED2500F50}.Release|Any CPU.Build.0 = Release|Any CPU
	EndGlobalSection
	GlobalSection(SolutionProperties) = preSolution
		HideSolutionNode = FALSE
	EndGlobalSection
	GlobalSection(ExtensibilityGlobals) = postSolution
		SolutionGuid = {043B02BA-07A4-4AB8-A09F-4D1DE1359C32}
	EndGlobalSection
EndGlobal
